
Microsoft Visual Studio Solution File, Format Version 12.00
# Visual Studio Version 17
VisualStudioVersion = 17.7.34031.279
MinimumVisualStudioVersion = 10.0.40219.1
Project("{9A19103F-16F7-4668-BE54-9A1E7A4F7556}") = "BrusnikaKnowledgeBaseServer.Infrastructure", "BrusnikaKnowledgeBaseServer.Infrastructure\BrusnikaKnowledgeBaseServer.Infrastructure.csproj", "{162B8F04-DC8E-4091-B9F6-609EEC092026}"
	ProjectSection(ProjectDependencies) = postProject
		{C96E52F2-D2C1-4A12-B6F7-3592D542F142} = {C96E52F2-D2C1-4A12-B6F7-3592D542F142}
	EndProjectSection
EndProject
Project("{9A19103F-16F7-4668-BE54-9A1E7A4F7556}") = "BrusnikaKnowledgeBaseServer.Core", "BrusnikaKnowledgeBaseServer.Core\BrusnikaKnowledgeBaseServer.Core.csproj", "{C96E52F2-D2C1-4A12-B6F7-3592D542F142}"
EndProject
Project("{9A19103F-16F7-4668-BE54-9A1E7A4F7556}") = "BrusnikaKnowledgeBaseServer.API", "BrusnikaKnowledgeBaseServer.API\BrusnikaKnowledgeBaseServer.API.csproj", "{B85D7C76-D77B-412F-B345-6AB25C7EC3B0}"
	ProjectSection(ProjectDependencies) = postProject
		{60D69E27-5243-47E7-A2DA-07F1050F41CE} = {60D69E27-5243-47E7-A2DA-07F1050F41CE}
	EndProjectSection
EndProject
Project("{9A19103F-16F7-4668-BE54-9A1E7A4F7556}") = "BrusnikaKnowledgeBaseServer.Application", "BrusnikaKnowledgeBaseServer.Application\BrusnikaKnowledgeBaseServer.Application.csproj", "{60D69E27-5243-47E7-A2DA-07F1050F41CE}"
	ProjectSection(ProjectDependencies) = postProject
		{162B8F04-DC8E-4091-B9F6-609EEC092026} = {162B8F04-DC8E-4091-B9F6-609EEC092026}
		{C96E52F2-D2C1-4A12-B6F7-3592D542F142} = {C96E52F2-D2C1-4A12-B6F7-3592D542F142}
	EndProjectSection
EndProject
Global
	GlobalSection(SolutionConfigurationPlatforms) = preSolution
		Debug|Any CPU = Debug|Any CPU
		Release|Any CPU = Release|Any CPU
	EndGlobalSection
	GlobalSection(ProjectConfigurationPlatforms) = postSolution
		{162B8F04-DC8E-4091-B9F6-609EEC092026}.Debug|Any CPU.ActiveCfg = Debug|Any CPU
		{162B8F04-DC8E-4091-B9F6-609EEC092026}.Debug|Any CPU.Build.0 = Debug|Any CPU
		{162B8F04-DC8E-4091-B9F6-609EEC092026}.Release|Any CPU.ActiveCfg = Release|Any CPU
		{162B8F04-DC8E-4091-B9F6-609EEC092026}.Release|Any CPU.Build.0 = Release|Any CPU
		{C96E52F2-D2C1-4A12-B6F7-3592D542F142}.Debug|Any CPU.ActiveCfg = Debug|Any CPU
		{C96E52F2-D2C1-4A12-B6F7-3592D542F142}.Debug|Any CPU.Build.0 = Debug|Any CPU
		{C96E52F2-D2C1-4A12-B6F7-3592D542F142}.Release|Any CPU.ActiveCfg = Release|Any CPU
		{C96E52F2-D2C1-4A12-B6F7-3592D542F142}.Release|Any CPU.Build.0 = Release|Any CPU
		{B85D7C76-D77B-412F-B345-6AB25C7EC3B0}.Debug|Any CPU.ActiveCfg = Debug|Any CPU
		{B85D7C76-D77B-412F-B345-6AB25C7EC3B0}.Debug|Any CPU.Build.0 = Debug|Any CPU
		{B85D7C76-D77B-412F-B345-6AB25C7EC3B0}.Release|Any CPU.ActiveCfg = Release|Any CPU
		{B85D7C76-D77B-412F-B345-6AB25C7EC3B0}.Release|Any CPU.Build.0 = Release|Any CPU
		{60D69E27-5243-47E7-A2DA-07F1050F41CE}.Debug|Any CPU.ActiveCfg = Debug|Any CPU
		{60D69E27-5243-47E7-A2DA-07F1050F41CE}.Debug|Any CPU.Build.0 = Debug|Any CPU
		{60D69E27-5243-47E7-A2DA-07F1050F41CE}.Release|Any CPU.ActiveCfg = Release|Any CPU
		{60D69E27-5243-47E7-A2DA-07F1050F41CE}.Release|Any CPU.Build.0 = Release|Any CPU
	EndGlobalSection
	GlobalSection(SolutionProperties) = preSolution
		HideSolutionNode = FALSE
	EndGlobalSection
	GlobalSection(ExtensibilityGlobals) = postSolution
		SolutionGuid = {4DA7E5B8-27CF-4102-A908-F7CD2B49FFBA}
	EndGlobalSection
EndGlobal
